
Microsoft Visual Studio Solution File, Format Version 12.00
# Visual Studio Version 17
VisualStudioVersion = 17.4.33205.214
MinimumVisualStudioVersion = 10.0.40219.1
Project("{FAE04EC0-301F-11D3-BF4B-00C04F79EFBC}") = "AI.API.Example", "AI.API.Example\AI.API.Example.csproj", "{92480590-FD15-4433-AF76-9DF21888606B}"
EndProject
Global
	GlobalSection(SolutionConfigurationPlatforms) = preSolution
		Debug|Any CPU = Debug|Any CPU
		Release|Any CPU = Release|Any CPU
	EndGlobalSection
	GlobalSection(ProjectConfigurationPlatforms) = postSolution
		{92480590-FD15-4433-AF76-9DF21888606B}.Debug|Any CPU.ActiveCfg = Debug|Any CPU
		{92480590-FD15-4433-AF76-9DF21888606B}.Debug|Any CPU.Build.0 = Debug|Any CPU
		{92480590-FD15-4433-AF76-9DF21888606B}.Release|Any CPU.ActiveCfg = Release|Any CPU
		{92480590-FD15-4433-AF76-9DF21888606B}.Release|Any CPU.Build.0 = Release|Any CPU
	EndGlobalSection
	GlobalSection(SolutionProperties) = preSolution
		HideSolutionNode = FALSE
	EndGlobalSection
	GlobalSection(ExtensibilityGlobals) = postSolution
		SolutionGuid = {9F2AC6E1-B678-45F6-B073-BBB0DEDFA3EB}
	EndGlobalSection
EndGlobal
